
Microsoft Visual Studio Solution File, Format Version 12.00
# Visual Studio 14
VisualStudioVersion = 14.0.25420.1
MinimumVisualStudioVersion = 10.0.40219.1
Project("{FAE04EC0-301F-11D3-BF4B-00C04F79EFBC}") = "DAL", "DAL\DAL.csproj", "{27B5D94B-EC2E-4556-9BFF-669C3FC0BBBA}"
EndProject
Project("{FAE04EC0-301F-11D3-BF4B-00C04F79EFBC}") = "BAL", "BAL\BAL.csproj", "{06565D19-7DEF-4A5C-A123-3639A1FA98D7}"
EndProject
Project("{FAE04EC0-301F-11D3-BF4B-00C04F79EFBC}") = "Entity", "Entity\Entity.csproj", "{355C1297-0722-4FAB-A015-3B42A414E695}"
EndProject
Project("{FAE04EC0-301F-11D3-BF4B-00C04F79EFBC}") = "Web UI", "Web UI\Web UI.csproj", "{525B3201-BC72-4741-A6C6-5F1DC8538FE2}"
EndProject
Project("{FAE04EC0-301F-11D3-BF4B-00C04F79EFBC}") = "StateManagementAndCaching", "StateManagementAndCaching\StateManagementAndCaching.csproj", "{B9B73681-6FC7-4BBE-B367-08A37ED85BF8}"
EndProject
Global
	GlobalSection(SolutionConfigurationPlatforms) = preSolution
		Debug|Any CPU = Debug|Any CPU
		Release|Any CPU = Release|Any CPU
	EndGlobalSection
	GlobalSection(ProjectConfigurationPlatforms) = postSolution
		{27B5D94B-EC2E-4556-9BFF-669C3FC0BBBA}.Debug|Any CPU.ActiveCfg = Debug|Any CPU
		{27B5D94B-EC2E-4556-9BFF-669C3FC0BBBA}.Debug|Any CPU.Build.0 = Debug|Any CPU
		{27B5D94B-EC2E-4556-9BFF-669C3FC0BBBA}.Release|Any CPU.ActiveCfg = Release|Any CPU
		{27B5D94B-EC2E-4556-9BFF-669C3FC0BBBA}.Release|Any CPU.Build.0 = Release|Any CPU
		{06565D19-7DEF-4A5C-A123-3639A1FA98D7}.Debug|Any CPU.ActiveCfg = Debug|Any CPU
		{06565D19-7DEF-4A5C-A123-3639A1FA98D7}.Debug|Any CPU.Build.0 = Debug|Any CPU
		{06565D19-7DEF-4A5C-A123-3639A1FA98D7}.Release|Any CPU.ActiveCfg = Release|Any CPU
		{06565D19-7DEF-4A5C-A123-3639A1FA98D7}.Release|Any CPU.Build.0 = Release|Any CPU
		{355C1297-0722-4FAB-A015-3B42A414E695}.Debug|Any CPU.ActiveCfg = Debug|Any CPU
		{355C1297-0722-4FAB-A015-3B42A414E695}.Debug|Any CPU.Build.0 = Debug|Any CPU
		{355C1297-0722-4FAB-A015-3B42A414E695}.Release|Any CPU.ActiveCfg = Release|Any CPU
		{355C1297-0722-4FAB-A015-3B42A414E695}.Release|Any CPU.Build.0 = Release|Any CPU
		{525B3201-BC72-4741-A6C6-5F1DC8538FE2}.Debug|Any CPU.ActiveCfg = Debug|Any CPU
		{525B3201-BC72-4741-A6C6-5F1DC8538FE2}.Debug|Any CPU.Build.0 = Debug|Any CPU
		{525B3201-BC72-4741-A6C6-5F1DC8538FE2}.Release|Any CPU.ActiveCfg = Release|Any CPU
		{525B3201-BC72-4741-A6C6-5F1DC8538FE2}.Release|Any CPU.Build.0 = Release|Any CPU
		{B9B73681-6FC7-4BBE-B367-08A37ED85BF8}.Debug|Any CPU.ActiveCfg = Debug|Any CPU
		{B9B73681-6FC7-4BBE-B367-08A37ED85BF8}.Debug|Any CPU.Build.0 = Debug|Any CPU
		{B9B73681-6FC7-4BBE-B367-08A37ED85BF8}.Release|Any CPU.ActiveCfg = Release|Any CPU
		{B9B73681-6FC7-4BBE-B367-08A37ED85BF8}.Release|Any CPU.Build.0 = Release|Any CPU
	EndGlobalSection
	GlobalSection(SolutionProperties) = preSolution
		HideSolutionNode = FALSE
	EndGlobalSection
EndGlobal
